
Microsoft Visual Studio Solution File, Format Version 12.00
# Visual Studio 15
Project("{FAE04EC0-301F-11D3-BF4B-00C04F79EFBC}") = "gain", "gain\gain.csproj", "{AA392712-8D6E-48AA-B269-16C7BF96BBF8}"
EndProject
Global
	GlobalSection(SolutionConfigurationPlatforms) = preSolution
		Debug|anycpu = Debug|anycpu
		Release|anycpu = Release|anycpu
	EndGlobalSection
	GlobalSection(ProjectConfigurationPlatforms) = postSolution
		{AA392712-8D6E-48AA-B269-16C7BF96BBF8}.Debug|anycpu.ActiveCfg = Debug|anycpu
		{AA392712-8D6E-48AA-B269-16C7BF96BBF8}.Debug|anycpu.Build.0 = Debug|anycpu
		{AA392712-8D6E-48AA-B269-16C7BF96BBF8}.Release|anycpu.ActiveCfg = Release|anycpu
		{AA392712-8D6E-48AA-B269-16C7BF96BBF8}.Release|anycpu.Build.0 = Release|anycpu
	EndGlobalSection
EndGlobal
